
Microsoft Visual Studio Solution File, Format Version 12.00
# Visual Studio Version 17
VisualStudioVersion = 17.10.34928.147
MinimumVisualStudioVersion = 10.0.40219.1
Project("{FAE04EC0-301F-11D3-BF4B-00C04F79EFBC}") = "Grade Calculator", "Grade Calculator\Grade Calculator.csproj", "{9434270C-83BB-46D4-82A9-32B696AD7094}"
EndProject
Global
	GlobalSection(SolutionConfigurationPlatforms) = preSolution
		Debug|Any CPU = Debug|Any CPU
		Release|Any CPU = Release|Any CPU
	EndGlobalSection
	GlobalSection(ProjectConfigurationPlatforms) = postSolution
		{9434270C-83BB-46D4-82A9-32B696AD7094}.Debug|Any CPU.ActiveCfg = Debug|Any CPU
		{9434270C-83BB-46D4-82A9-32B696AD7094}.Debug|Any CPU.Build.0 = Debug|Any CPU
		{9434270C-83BB-46D4-82A9-32B696AD7094}.Release|Any CPU.ActiveCfg = Release|Any CPU
		{9434270C-83BB-46D4-82A9-32B696AD7094}.Release|Any CPU.Build.0 = Release|Any CPU
	EndGlobalSection
	GlobalSection(SolutionProperties) = preSolution
		HideSolutionNode = FALSE
	EndGlobalSection
	GlobalSection(ExtensibilityGlobals) = postSolution
		SolutionGuid = {B76DE4D0-29A8-40DC-A7DE-E6C1A91FD726}
	EndGlobalSection
EndGlobal
