
Microsoft Visual Studio Solution File, Format Version 12.00
# Visual Studio Version 17
VisualStudioVersion = 17.10.34928.147
MinimumVisualStudioVersion = 10.0.40219.1
Project("{FAE04EC0-301F-11D3-BF4B-00C04F79EFBC}") = "Ticket Price Calculator", "Ticket Price Calculator\Ticket Price Calculator.csproj", "{B6BE677F-AE42-4670-95E3-87424C8C4D3C}"
EndProject
Global
	GlobalSection(SolutionConfigurationPlatforms) = preSolution
		Debug|Any CPU = Debug|Any CPU
		Release|Any CPU = Release|Any CPU
	EndGlobalSection
	GlobalSection(ProjectConfigurationPlatforms) = postSolution
		{B6BE677F-AE42-4670-95E3-87424C8C4D3C}.Debug|Any CPU.ActiveCfg = Debug|Any CPU
		{B6BE677F-AE42-4670-95E3-87424C8C4D3C}.Debug|Any CPU.Build.0 = Debug|Any CPU
		{B6BE677F-AE42-4670-95E3-87424C8C4D3C}.Release|Any CPU.ActiveCfg = Release|Any CPU
		{B6BE677F-AE42-4670-95E3-87424C8C4D3C}.Release|Any CPU.Build.0 = Release|Any CPU
	EndGlobalSection
	GlobalSection(SolutionProperties) = preSolution
		HideSolutionNode = FALSE
	EndGlobalSection
	GlobalSection(ExtensibilityGlobals) = postSolution
		SolutionGuid = {0C5D9219-59A4-4BAC-9866-94BAD319B814}
	EndGlobalSection
EndGlobal
